
Microsoft Visual Studio Solution File, Format Version 12.00
# Visual Studio Version 16
VisualStudioVersion = 16.0.29306.81
MinimumVisualStudioVersion = 10.0.40219.1
Project("{FAE04EC0-301F-11D3-BF4B-00C04F79EFBC}") = "LocacaoBiblioteca", "LocacaoBiblioteca\LocacaoBiblioteca.csproj", "{43849F2E-4A08-41DF-805C-2B6131C1B134}"
EndProject
Project("{FAE04EC0-301F-11D3-BF4B-00C04F79EFBC}") = "InterfaceBiblioteca", "InterfaceBiblioteca\InterfaceBiblioteca.csproj", "{0B6FB8E4-2093-4B56-940B-5451107E5920}"
EndProject
Global
	GlobalSection(SolutionConfigurationPlatforms) = preSolution
		Debug|Any CPU = Debug|Any CPU
		Release|Any CPU = Release|Any CPU
	EndGlobalSection
	GlobalSection(ProjectConfigurationPlatforms) = postSolution
		{43849F2E-4A08-41DF-805C-2B6131C1B134}.Debug|Any CPU.ActiveCfg = Debug|Any CPU
		{43849F2E-4A08-41DF-805C-2B6131C1B134}.Debug|Any CPU.Build.0 = Debug|Any CPU
		{43849F2E-4A08-41DF-805C-2B6131C1B134}.Release|Any CPU.ActiveCfg = Release|Any CPU
		{43849F2E-4A08-41DF-805C-2B6131C1B134}.Release|Any CPU.Build.0 = Release|Any CPU
		{0B6FB8E4-2093-4B56-940B-5451107E5920}.Debug|Any CPU.ActiveCfg = Debug|Any CPU
		{0B6FB8E4-2093-4B56-940B-5451107E5920}.Debug|Any CPU.Build.0 = Debug|Any CPU
		{0B6FB8E4-2093-4B56-940B-5451107E5920}.Release|Any CPU.ActiveCfg = Release|Any CPU
		{0B6FB8E4-2093-4B56-940B-5451107E5920}.Release|Any CPU.Build.0 = Release|Any CPU
	EndGlobalSection
	GlobalSection(SolutionProperties) = preSolution
		HideSolutionNode = FALSE
	EndGlobalSection
	GlobalSection(ExtensibilityGlobals) = postSolution
		SolutionGuid = {C82B13BA-633C-4B95-8E88-DD6959DC6B7B}
	EndGlobalSection
EndGlobal
