
Microsoft Visual Studio Solution File, Format Version 12.00
# Visual Studio Version 16
VisualStudioVersion = 16.0.29418.71
MinimumVisualStudioVersion = 10.0.40219.1
Project("{FAE04EC0-301F-11D3-BF4B-00C04F79EFBC}") = "SolucaoPessoas", "SolucaoPessoas\SolucaoPessoas.csproj", "{21E83C8C-21CC-4FAA-87B4-27C6AD26A2EB}"
EndProject
Global
	GlobalSection(SolutionConfigurationPlatforms) = preSolution
		Debug|Any CPU = Debug|Any CPU
		Release|Any CPU = Release|Any CPU
	EndGlobalSection
	GlobalSection(ProjectConfigurationPlatforms) = postSolution
		{21E83C8C-21CC-4FAA-87B4-27C6AD26A2EB}.Debug|Any CPU.ActiveCfg = Debug|Any CPU
		{21E83C8C-21CC-4FAA-87B4-27C6AD26A2EB}.Debug|Any CPU.Build.0 = Debug|Any CPU
		{21E83C8C-21CC-4FAA-87B4-27C6AD26A2EB}.Release|Any CPU.ActiveCfg = Release|Any CPU
		{21E83C8C-21CC-4FAA-87B4-27C6AD26A2EB}.Release|Any CPU.Build.0 = Release|Any CPU
	EndGlobalSection
	GlobalSection(SolutionProperties) = preSolution
		HideSolutionNode = FALSE
	EndGlobalSection
	GlobalSection(ExtensibilityGlobals) = postSolution
		SolutionGuid = {9079F6E1-89F7-489C-A5FE-D16EEE8E8EE5}
	EndGlobalSection
EndGlobal
