
Microsoft Visual Studio Solution File, Format Version 12.00
# Visual Studio Version 16
VisualStudioVersion = 16.0.29306.81
MinimumVisualStudioVersion = 10.0.40219.1
Project("{FAE04EC0-301F-11D3-BF4B-00C04F79EFBC}") = "ClassLibrary", "ClassLibrary\ClassLibrary.csproj", "{7CB3CDE8-9A2A-48B3-A8D3-32D11E248899}"
EndProject
Project("{FAE04EC0-301F-11D3-BF4B-00C04F79EFBC}") = "AlunoInterface", "AlunoInterface\AlunoInterface.csproj", "{4FB14B62-E42E-4B12-B9CE-60795BD042F7}"
EndProject
Global
	GlobalSection(SolutionConfigurationPlatforms) = preSolution
		Debug|Any CPU = Debug|Any CPU
		Release|Any CPU = Release|Any CPU
	EndGlobalSection
	GlobalSection(ProjectConfigurationPlatforms) = postSolution
		{7CB3CDE8-9A2A-48B3-A8D3-32D11E248899}.Debug|Any CPU.ActiveCfg = Debug|Any CPU
		{7CB3CDE8-9A2A-48B3-A8D3-32D11E248899}.Debug|Any CPU.Build.0 = Debug|Any CPU
		{7CB3CDE8-9A2A-48B3-A8D3-32D11E248899}.Release|Any CPU.ActiveCfg = Release|Any CPU
		{7CB3CDE8-9A2A-48B3-A8D3-32D11E248899}.Release|Any CPU.Build.0 = Release|Any CPU
		{4FB14B62-E42E-4B12-B9CE-60795BD042F7}.Debug|Any CPU.ActiveCfg = Debug|Any CPU
		{4FB14B62-E42E-4B12-B9CE-60795BD042F7}.Debug|Any CPU.Build.0 = Debug|Any CPU
		{4FB14B62-E42E-4B12-B9CE-60795BD042F7}.Release|Any CPU.ActiveCfg = Release|Any CPU
		{4FB14B62-E42E-4B12-B9CE-60795BD042F7}.Release|Any CPU.Build.0 = Release|Any CPU
	EndGlobalSection
	GlobalSection(SolutionProperties) = preSolution
		HideSolutionNode = FALSE
	EndGlobalSection
	GlobalSection(ExtensibilityGlobals) = postSolution
		SolutionGuid = {3EDBDBFD-DCE6-44BF-8904-21844CC5D83C}
	EndGlobalSection
EndGlobal
