
Microsoft Visual Studio Solution File, Format Version 12.00
# Visual Studio Version 16
VisualStudioVersion = 16.0.29418.71
MinimumVisualStudioVersion = 10.0.40219.1
Project("{FAE04EC0-301F-11D3-BF4B-00C04F79EFBC}") = "WebApiBancoExistente", "WebApiBancoExistente\WebApiBancoExistente.csproj", "{7AAEA7A3-65A6-4268-BEBA-1258412D2AD0}"
EndProject
Global
	GlobalSection(SolutionConfigurationPlatforms) = preSolution
		Debug|Any CPU = Debug|Any CPU
		Release|Any CPU = Release|Any CPU
	EndGlobalSection
	GlobalSection(ProjectConfigurationPlatforms) = postSolution
		{7AAEA7A3-65A6-4268-BEBA-1258412D2AD0}.Debug|Any CPU.ActiveCfg = Debug|Any CPU
		{7AAEA7A3-65A6-4268-BEBA-1258412D2AD0}.Debug|Any CPU.Build.0 = Debug|Any CPU
		{7AAEA7A3-65A6-4268-BEBA-1258412D2AD0}.Release|Any CPU.ActiveCfg = Release|Any CPU
		{7AAEA7A3-65A6-4268-BEBA-1258412D2AD0}.Release|Any CPU.Build.0 = Release|Any CPU
	EndGlobalSection
	GlobalSection(SolutionProperties) = preSolution
		HideSolutionNode = FALSE
	EndGlobalSection
	GlobalSection(ExtensibilityGlobals) = postSolution
		SolutionGuid = {EB3BA0B6-2C9D-401C-BA80-DAE7B8C7780A}
	EndGlobalSection
EndGlobal
