
Microsoft Visual Studio Solution File, Format Version 12.00
# Visual Studio Version 16
VisualStudioVersion = 16.0.29306.81
MinimumVisualStudioVersion = 10.0.40219.1
Project("{FAE04EC0-301F-11D3-BF4B-00C04F79EFBC}") = "CatalogoCelulares", "CatalogoCelulares\CatalogoCelulares.csproj", "{E819AD25-6500-41D3-AE59-D552B0CFD661}"
EndProject
Project("{FAE04EC0-301F-11D3-BF4B-00C04F79EFBC}") = "CellDu", "CellDu\CellDu.csproj", "{54C971F1-2275-44BB-A9BE-6E7F111C09D4}"
EndProject
Global
	GlobalSection(SolutionConfigurationPlatforms) = preSolution
		Debug|Any CPU = Debug|Any CPU
		Release|Any CPU = Release|Any CPU
	EndGlobalSection
	GlobalSection(ProjectConfigurationPlatforms) = postSolution
		{E819AD25-6500-41D3-AE59-D552B0CFD661}.Debug|Any CPU.ActiveCfg = Debug|Any CPU
		{E819AD25-6500-41D3-AE59-D552B0CFD661}.Debug|Any CPU.Build.0 = Debug|Any CPU
		{E819AD25-6500-41D3-AE59-D552B0CFD661}.Release|Any CPU.ActiveCfg = Release|Any CPU
		{E819AD25-6500-41D3-AE59-D552B0CFD661}.Release|Any CPU.Build.0 = Release|Any CPU
		{54C971F1-2275-44BB-A9BE-6E7F111C09D4}.Debug|Any CPU.ActiveCfg = Debug|Any CPU
		{54C971F1-2275-44BB-A9BE-6E7F111C09D4}.Debug|Any CPU.Build.0 = Debug|Any CPU
		{54C971F1-2275-44BB-A9BE-6E7F111C09D4}.Release|Any CPU.ActiveCfg = Release|Any CPU
		{54C971F1-2275-44BB-A9BE-6E7F111C09D4}.Release|Any CPU.Build.0 = Release|Any CPU
	EndGlobalSection
	GlobalSection(SolutionProperties) = preSolution
		HideSolutionNode = FALSE
	EndGlobalSection
	GlobalSection(ExtensibilityGlobals) = postSolution
		SolutionGuid = {C6E4634F-A4DF-4166-8E72-7BD2E76ECAA7}
	EndGlobalSection
EndGlobal
