
Microsoft Visual Studio Solution File, Format Version 12.00
# Visual Studio Version 16
VisualStudioVersion = 16.0.29418.71
MinimumVisualStudioVersion = 10.0.40219.1
Project("{FAE04EC0-301F-11D3-BF4B-00C04F79EFBC}") = "ScaffoldWepApiCore", "ScaffoldWepApiCore\ScaffoldWepApiCore.csproj", "{C4966476-463A-4288-A575-B522323E7136}"
EndProject
Global
	GlobalSection(SolutionConfigurationPlatforms) = preSolution
		Debug|Any CPU = Debug|Any CPU
		Release|Any CPU = Release|Any CPU
	EndGlobalSection
	GlobalSection(ProjectConfigurationPlatforms) = postSolution
		{C4966476-463A-4288-A575-B522323E7136}.Debug|Any CPU.ActiveCfg = Debug|Any CPU
		{C4966476-463A-4288-A575-B522323E7136}.Debug|Any CPU.Build.0 = Debug|Any CPU
		{C4966476-463A-4288-A575-B522323E7136}.Release|Any CPU.ActiveCfg = Release|Any CPU
		{C4966476-463A-4288-A575-B522323E7136}.Release|Any CPU.Build.0 = Release|Any CPU
	EndGlobalSection
	GlobalSection(SolutionProperties) = preSolution
		HideSolutionNode = FALSE
	EndGlobalSection
	GlobalSection(ExtensibilityGlobals) = postSolution
		SolutionGuid = {874FF47D-0BFD-4567-A601-7F8563B02C06}
	EndGlobalSection
EndGlobal
