
Microsoft Visual Studio Solution File, Format Version 12.00
# Visual Studio Version 16
VisualStudioVersion = 16.0.29306.81
MinimumVisualStudioVersion = 10.0.40219.1
Project("{FAE04EC0-301F-11D3-BF4B-00C04F79EFBC}") = "MainApp", "MainApp\MainApp.csproj", "{0B5237F3-D0D1-4BE9-8993-66902386F33C}"
EndProject
Project("{FAE04EC0-301F-11D3-BF4B-00C04F79EFBC}") = "TreeApp", "TreeApp\TreeApp.csproj", "{DFDFEA57-EE83-44AD-97E2-ECD36F71B1A5}"
EndProject
Project("{FAE04EC0-301F-11D3-BF4B-00C04F79EFBC}") = "ListBeerBrand", "ListBeerBrand\ListBeerBrand.csproj", "{3E3A91A6-564D-4851-8B56-1FE39359FF9C}"
EndProject
Project("{FAE04EC0-301F-11D3-BF4B-00C04F79EFBC}") = "ListCars", "ListCars\ListCars.csproj", "{B2116EB5-8774-49A0-9F2D-B3DB7C461EA3}"
EndProject
Project("{FAE04EC0-301F-11D3-BF4B-00C04F79EFBC}") = "CalculoQuadrado", "CalculoQuadrado\CalculoQuadrado.csproj", "{92E6A0D4-4920-4660-B158-5AEFF974CA34}"
EndProject
Project("{FAE04EC0-301F-11D3-BF4B-00C04F79EFBC}") = "MinhaBiblioteca", "MinhaBiblioteca\MinhaBiblioteca.csproj", "{57B16E09-4584-45A0-AECD-6FEA9EAA4B60}"
EndProject
Project("{FAE04EC0-301F-11D3-BF4B-00C04F79EFBC}") = "AcessandoDllDoAmiguinho", "AcessandoDllDoAmiguinho\AcessandoDllDoAmiguinho.csproj", "{DA1A1421-CD97-457B-8899-740824F741FE}"
EndProject
Global
	GlobalSection(SolutionConfigurationPlatforms) = preSolution
		Debug|Any CPU = Debug|Any CPU
		Release|Any CPU = Release|Any CPU
	EndGlobalSection
	GlobalSection(ProjectConfigurationPlatforms) = postSolution
		{0B5237F3-D0D1-4BE9-8993-66902386F33C}.Debug|Any CPU.ActiveCfg = Debug|Any CPU
		{0B5237F3-D0D1-4BE9-8993-66902386F33C}.Debug|Any CPU.Build.0 = Debug|Any CPU
		{0B5237F3-D0D1-4BE9-8993-66902386F33C}.Release|Any CPU.ActiveCfg = Release|Any CPU
		{0B5237F3-D0D1-4BE9-8993-66902386F33C}.Release|Any CPU.Build.0 = Release|Any CPU
		{DFDFEA57-EE83-44AD-97E2-ECD36F71B1A5}.Debug|Any CPU.ActiveCfg = Debug|Any CPU
		{DFDFEA57-EE83-44AD-97E2-ECD36F71B1A5}.Debug|Any CPU.Build.0 = Debug|Any CPU
		{DFDFEA57-EE83-44AD-97E2-ECD36F71B1A5}.Release|Any CPU.ActiveCfg = Release|Any CPU
		{DFDFEA57-EE83-44AD-97E2-ECD36F71B1A5}.Release|Any CPU.Build.0 = Release|Any CPU
		{3E3A91A6-564D-4851-8B56-1FE39359FF9C}.Debug|Any CPU.ActiveCfg = Debug|Any CPU
		{3E3A91A6-564D-4851-8B56-1FE39359FF9C}.Debug|Any CPU.Build.0 = Debug|Any CPU
		{3E3A91A6-564D-4851-8B56-1FE39359FF9C}.Release|Any CPU.ActiveCfg = Release|Any CPU
		{3E3A91A6-564D-4851-8B56-1FE39359FF9C}.Release|Any CPU.Build.0 = Release|Any CPU
		{B2116EB5-8774-49A0-9F2D-B3DB7C461EA3}.Debug|Any CPU.ActiveCfg = Debug|Any CPU
		{B2116EB5-8774-49A0-9F2D-B3DB7C461EA3}.Debug|Any CPU.Build.0 = Debug|Any CPU
		{B2116EB5-8774-49A0-9F2D-B3DB7C461EA3}.Release|Any CPU.ActiveCfg = Release|Any CPU
		{B2116EB5-8774-49A0-9F2D-B3DB7C461EA3}.Release|Any CPU.Build.0 = Release|Any CPU
		{92E6A0D4-4920-4660-B158-5AEFF974CA34}.Debug|Any CPU.ActiveCfg = Debug|Any CPU
		{92E6A0D4-4920-4660-B158-5AEFF974CA34}.Debug|Any CPU.Build.0 = Debug|Any CPU
		{92E6A0D4-4920-4660-B158-5AEFF974CA34}.Release|Any CPU.ActiveCfg = Release|Any CPU
		{92E6A0D4-4920-4660-B158-5AEFF974CA34}.Release|Any CPU.Build.0 = Release|Any CPU
		{57B16E09-4584-45A0-AECD-6FEA9EAA4B60}.Debug|Any CPU.ActiveCfg = Debug|Any CPU
		{57B16E09-4584-45A0-AECD-6FEA9EAA4B60}.Debug|Any CPU.Build.0 = Debug|Any CPU
		{57B16E09-4584-45A0-AECD-6FEA9EAA4B60}.Release|Any CPU.ActiveCfg = Release|Any CPU
		{57B16E09-4584-45A0-AECD-6FEA9EAA4B60}.Release|Any CPU.Build.0 = Release|Any CPU
		{DA1A1421-CD97-457B-8899-740824F741FE}.Debug|Any CPU.ActiveCfg = Debug|Any CPU
		{DA1A1421-CD97-457B-8899-740824F741FE}.Debug|Any CPU.Build.0 = Debug|Any CPU
		{DA1A1421-CD97-457B-8899-740824F741FE}.Release|Any CPU.ActiveCfg = Release|Any CPU
		{DA1A1421-CD97-457B-8899-740824F741FE}.Release|Any CPU.Build.0 = Release|Any CPU
	EndGlobalSection
	GlobalSection(SolutionProperties) = preSolution
		HideSolutionNode = FALSE
	EndGlobalSection
	GlobalSection(ExtensibilityGlobals) = postSolution
		SolutionGuid = {7A041138-AA54-4A7D-9887-698EB1768DD9}
	EndGlobalSection
EndGlobal
