
Microsoft Visual Studio Solution File, Format Version 12.00
# Visual Studio Version 16
VisualStudioVersion = 16.0.29306.81
MinimumVisualStudioVersion = 10.0.40219.1
Project("{FAE04EC0-301F-11D3-BF4B-00C04F79EFBC}") = "BicicletaLibrary", "BicicletaLibrary\BicicletaLibrary.csproj", "{B3CBF901-9E2A-475A-84A0-AED224F1CFB7}"
EndProject
Project("{FAE04EC0-301F-11D3-BF4B-00C04F79EFBC}") = "BicicletaApp", "BicicletaApp\BicicletaApp.csproj", "{D1C06C02-5A07-4F55-87F5-56C5AEA5AD87}"
EndProject
Global
	GlobalSection(SolutionConfigurationPlatforms) = preSolution
		Debug|Any CPU = Debug|Any CPU
		Release|Any CPU = Release|Any CPU
	EndGlobalSection
	GlobalSection(ProjectConfigurationPlatforms) = postSolution
		{B3CBF901-9E2A-475A-84A0-AED224F1CFB7}.Debug|Any CPU.ActiveCfg = Debug|Any CPU
		{B3CBF901-9E2A-475A-84A0-AED224F1CFB7}.Debug|Any CPU.Build.0 = Debug|Any CPU
		{B3CBF901-9E2A-475A-84A0-AED224F1CFB7}.Release|Any CPU.ActiveCfg = Release|Any CPU
		{B3CBF901-9E2A-475A-84A0-AED224F1CFB7}.Release|Any CPU.Build.0 = Release|Any CPU
		{D1C06C02-5A07-4F55-87F5-56C5AEA5AD87}.Debug|Any CPU.ActiveCfg = Debug|Any CPU
		{D1C06C02-5A07-4F55-87F5-56C5AEA5AD87}.Debug|Any CPU.Build.0 = Debug|Any CPU
		{D1C06C02-5A07-4F55-87F5-56C5AEA5AD87}.Release|Any CPU.ActiveCfg = Release|Any CPU
		{D1C06C02-5A07-4F55-87F5-56C5AEA5AD87}.Release|Any CPU.Build.0 = Release|Any CPU
	EndGlobalSection
	GlobalSection(SolutionProperties) = preSolution
		HideSolutionNode = FALSE
	EndGlobalSection
	GlobalSection(ExtensibilityGlobals) = postSolution
		SolutionGuid = {15D12D85-6788-4782-88A5-7D81BCBC6160}
	EndGlobalSection
EndGlobal
